{
  "name": "example",
  "version": "1.0.0",
  "lockfileVersion": 3,
  "requires": true,
  "packages": {
    "": {
      "name": "example",
      "version": "1.0.0",
      "license": "ISC",
      "dependencies": {
        "rabbitmq-amqp-js-client": "file:../."
      },
      "devDependencies": {
        "typescript": "^5.8.3"
      },
      "engines": {
        "node": "22.x.x"
      }
    },
    "..": {
      "version": "0.1.0",
      "license": "ISC",
      "dependencies": {
        "rhea": "^3.0.4"
      },
      "devDependencies": {
        "@eslint/js": "^9.28.0",
        "@tsconfig/node22": "^22.0.2",
        "assertion-error": "^2.0.1",
        "cspell": "^8.19.4",
        "eslint": "^9.28.0",
        "globals": "^16.2.0",
        "got": "^14.4.7",
        "prettier": "3.5.3",
        "tsup": "^8.5.0",
        "typescript": "^5.8.3",
        "typescript-eslint": "^8.33.1",
        "vitest": "^3.2.1"
      }
    },
    "node_modules/rabbitmq-amqp-js-client": {
      "resolved": "..",
      "link": true
    },
    "node_modules/typescript": {
      "version": "5.8.3",
      "resolved": "https://registry.npmjs.org/typescript/-/typescript-5.8.3.tgz",
      "integrity": "sha512-p1diW6TqL9L07nNxvRMM7hMMw4c5XOo/1ibL4aAIGmSAt9slTE1Xgw5KWuof2uTOvCg9BY7ZRi+GaF+7sfgPeQ==",
      "dev": true,
      "license": "Apache-2.0",
      "bin": {
        "tsc": "bin/tsc",
        "tsserver": "bin/tsserver"
      },
      "engines": {
        "node": ">=14.17"
      }
    }
  }
}
