{
  "name": "example",
  "version": "1.0.0",
  "lockfileVersion": 3,
  "requires": true,
  "packages": {
    "": {
      "name": "example",
      "version": "1.0.0",
      "license": "ISC",
      "dependencies": {
        "rabbitmq-amqp-js-client": "file:../.",
        "rhea": "^3.0.4"
      },
      "devDependencies": {
        "typescript": "^5.8.3"
      },
      "engines": {
        "node": "22.x.x"
      }
    },
    "..": {
      "version": "0.3.1",
      "license": "ISC",
      "dependencies": {
        "rhea": "github:amqp/rhea"
      },
      "devDependencies": {
        "@eslint/js": "^9.28.0",
        "@rollup/plugin-commonjs": "^28.0.6",
        "@rollup/plugin-node-resolve": "^16.0.1",
        "@rollup/plugin-terser": "^0.4.4",
        "@rollup/plugin-typescript": "^12.1.4",
        "@tsconfig/node22": "^22.0.2",
        "assertion-error": "^2.0.1",
        "cspell": "^8.19.4",
        "eslint": "^9.28.0",
        "globals": "^16.2.0",
        "got": "^14.4.7",
        "prettier": "3.5.3",
        "rollup": "^4.46.1",
        "rollup-plugin-polyfill-node": "^0.13.0",
        "tslib": "^2.8.1",
        "typescript": "^5.8.3",
        "typescript-eslint": "^8.33.1",
        "uuid": "^11.1.0",
        "vitest": "^3.2.1"
      }
    },
    "node_modules/debug": {
      "version": "4.4.1",
      "resolved": "https://registry.npmjs.org/debug/-/debug-4.4.1.tgz",
      "integrity": "sha512-KcKCqiftBJcZr++7ykoDIEwSa3XWowTfNPo92BYxjXiyYEVrUQh2aLyhxBCwww+heortUFxEJYcRzosstTEBYQ==",
      "license": "MIT",
      "dependencies": {
        "ms": "^2.1.3"
      },
      "engines": {
        "node": ">=6.0"
      },
      "peerDependenciesMeta": {
        "supports-color": {
          "optional": true
        }
      }
    },
    "node_modules/ms": {
      "version": "2.1.3",
      "resolved": "https://registry.npmjs.org/ms/-/ms-2.1.3.tgz",
      "integrity": "sha512-6FlzubTLZG3J2a/NVCAleEhjzq5oxgHyaCU9yYXvcLsvoVaHJq/s5xXI6/XXP6tz7R9xAOtHnSO/tXtF3WRTlA==",
      "license": "MIT"
    },
    "node_modules/rabbitmq-amqp-js-client": {
      "resolved": "..",
      "link": true
    },
    "node_modules/rhea": {
      "version": "3.0.4",
      "resolved": "https://registry.npmjs.org/rhea/-/rhea-3.0.4.tgz",
      "integrity": "sha512-n3kw8syCdrsfJ72w3rohpoHHlmv/RZZEP9VY5BVjjo0sEGIt4YSKypBgaiA+OUSgJAzLjOECYecsclG5xbYtZw==",
      "license": "Apache-2.0",
      "dependencies": {
        "debug": "^4.3.3"
      }
    },
    "node_modules/typescript": {
      "version": "5.8.3",
      "resolved": "https://registry.npmjs.org/typescript/-/typescript-5.8.3.tgz",
      "integrity": "sha512-p1diW6TqL9L07nNxvRMM7hMMw4c5XOo/1ibL4aAIGmSAt9slTE1Xgw5KWuof2uTOvCg9BY7ZRi+GaF+7sfgPeQ==",
      "dev": true,
      "license": "Apache-2.0",
      "bin": {
        "tsc": "bin/tsc",
        "tsserver": "bin/tsserver"
      },
      "engines": {
        "node": ">=14.17"
      }
    }
  }
}
